
Microsoft Visual Studio Solution File, Format Version 12.00
# Visual Studio Version 16
VisualStudioVersion = 16.0.31321.278
MinimumVisualStudioVersion = 10.0.40219.1
Project("{FAE04EC0-301F-11D3-BF4B-00C04F79EFBC}") = "DesignModels", "DesignModels\DesignModels.csproj", "{2F5018BE-97AB-46CF-B8F2-47763BC488A3}"
EndProject
Project("{2150E333-8FDC-42A3-9474-1A3956D46DE8}") = "Doc", "Doc", "{3DD5F620-BAB8-44D7-A8EC-7BB65B8FBDBF}"
	ProjectSection(SolutionItems) = preProject
		Learning.md = Learning.md
	EndProjectSection
EndProject
Global
	GlobalSection(SolutionConfigurationPlatforms) = preSolution
		Debug|Any CPU = Debug|Any CPU
		Release|Any CPU = Release|Any CPU
	EndGlobalSection
	GlobalSection(ProjectConfigurationPlatforms) = postSolution
		{2F5018BE-97AB-46CF-B8F2-47763BC488A3}.Debug|Any CPU.ActiveCfg = Debug|Any CPU
		{2F5018BE-97AB-46CF-B8F2-47763BC488A3}.Debug|Any CPU.Build.0 = Debug|Any CPU
		{2F5018BE-97AB-46CF-B8F2-47763BC488A3}.Release|Any CPU.ActiveCfg = Release|Any CPU
		{2F5018BE-97AB-46CF-B8F2-47763BC488A3}.Release|Any CPU.Build.0 = Release|Any CPU
	EndGlobalSection
	GlobalSection(SolutionProperties) = preSolution
		HideSolutionNode = FALSE
	EndGlobalSection
	GlobalSection(ExtensibilityGlobals) = postSolution
		SolutionGuid = {B0A8859C-EFF0-499F-B48E-5FB094422AFD}
	EndGlobalSection
EndGlobal
